# This file is generated by running "yarn install" inside your project.
# Manual changes might be lost - proceed with caution!

__metadata:
  version: 8
  cacheKey: 10

"@babel/helper-string-parser@npm:^7.23.4":
  version: 7.23.4
  resolution: "@babel/helper-string-parser@npm:7.23.4"
  checksum: 10/c352082474a2ee1d2b812bd116a56b2e8b38065df9678a32a535f151ec6f58e54633cc778778374f10544b930703cca6ddf998803888a636afa27e2658068a9c
  languageName: node
  linkType: hard

"@babel/helper-validator-identifier@npm:^7.22.20":
  version: 7.22.20
  resolution: "@babel/helper-validator-identifier@npm:7.22.20"
  checksum: 10/df882d2675101df2d507b95b195ca2f86a3ef28cb711c84f37e79ca23178e13b9f0d8b522774211f51e40168bf5142be4c1c9776a150cddb61a0d5bf3e95750b
  languageName: node
  linkType: hard

"@babel/parser@npm:^7.24.7":
  version: 7.24.7
  resolution: "@babel/parser@npm:7.24.7"
  bin:
    parser: ./bin/babel-parser.js
  checksum: 10/ef9ebce60e13db560ccc7af9235d460f6726bb7e23ae2d675098c1fc43d5249067be60d4118889dad33b1d4f85162cf66baf554719e1669f29bb20e71322568e
  languageName: node
  linkType: hard

"@babel/types@npm:^7.8.3":
  version: 7.23.9
  resolution: "@babel/types@npm:7.23.9"
  dependencies:
    "@babel/helper-string-parser": "npm:^7.23.4"
    "@babel/helper-validator-identifier": "npm:^7.22.20"
    to-fast-properties: "npm:^2.0.0"
  checksum: 10/bed9634e5fd0f9dc63c84cfa83316c4cb617192db9fedfea464fca743affe93736d7bf2ebf418ee8358751a9d388e303af87a0c050cb5d87d5870c1b0154f6cb
  languageName: node
  linkType: hard

"@gip-recia/tldraw-webcomponent@npm:^3.6.0":
  version: 3.6.0
  resolution: "@gip-recia/tldraw-webcomponent@npm:3.6.0"
  checksum: 10/65d0da69ad1909a261b029c008e474879c04518c12e2a4da958e95d3e4bc8ad5f86863924db725c73aad983618354a0c3d575f69cd9cd377f20ef6ee1e99d6a7
  languageName: node
  linkType: hard

"@gip-recia/wisemapping-webcomponent@npm:^0.1.0":
  version: 0.1.0
  resolution: "@gip-recia/wisemapping-webcomponent@npm:0.1.0"
  checksum: 10/19da57a85fc20b82122eb0fcd6a0da1733a3b577bbe8196f013df20fc82b838246d139839fab8bb464cc9ad02f16bfd1e6b95ae0e0c372683c50b8b9bf4e2d12
  languageName: node
  linkType: hard

"@intlify/core-base@npm:9.13.1":
  version: 9.13.1
  resolution: "@intlify/core-base@npm:9.13.1"
  dependencies:
    "@intlify/message-compiler": "npm:9.13.1"
    "@intlify/shared": "npm:9.13.1"
  checksum: 10/4fbe47b7b786639f6f6d49f7fd725e7148905efa9b6d0d5f84ed39112c55f1c2dc0a1d9f3cede24fa933600bd4ee02b2e3cd266c5e766f29d5cef9a4417aa161
  languageName: node
  linkType: hard

"@intlify/message-compiler@npm:9.13.1":
  version: 9.13.1
  resolution: "@intlify/message-compiler@npm:9.13.1"
  dependencies:
    "@intlify/shared": "npm:9.13.1"
    source-map-js: "npm:^1.0.2"
  checksum: 10/ecdfd2ba677999e28429289518b8d11e82d63345f30da84051199b39e209873c0970a6f1d4d24d0d33a8f5a8f5dbc1ba93d2a08be9389faa6035e145fb7dd937
  languageName: node
  linkType: hard

"@intlify/shared@npm:9.13.1":
  version: 9.13.1
  resolution: "@intlify/shared@npm:9.13.1"
  checksum: 10/d87b9da6b2cddad88db37e9b2d2d00f612bac2f23e5366b76908fa5d6d3fae1be7088b3043eab9ea53f4921ec50c4c43b1f606eb66e2491a656c13bf497025e3
  languageName: node
  linkType: hard

"@jridgewell/sourcemap-codec@npm:^1.4.15":
  version: 1.4.15
  resolution: "@jridgewell/sourcemap-codec@npm:1.4.15"
  checksum: 10/89960ac087781b961ad918978975bcdf2051cd1741880469783c42de64239703eab9db5230d776d8e6a09d73bb5e4cb964e07d93ee6e2e7aea5a7d726e865c09
  languageName: node
  linkType: hard

"@types/web-bluetooth@npm:^0.0.20":
  version: 0.0.20
  resolution: "@types/web-bluetooth@npm:0.0.20"
  checksum: 10/2faa323e5c994e9468fff4675e3b6d35f3730eb4dc7c761d02267fb6246dbfd659fd8f3583db0872aae05b3ee139799c25655bbe79bf1b56c08c06e665db814b
  languageName: node
  linkType: hard

"@vue/compiler-core@npm:3.4.30":
  version: 3.4.30
  resolution: "@vue/compiler-core@npm:3.4.30"
  dependencies:
    "@babel/parser": "npm:^7.24.7"
    "@vue/shared": "npm:3.4.30"
    entities: "npm:^4.5.0"
    estree-walker: "npm:^2.0.2"
    source-map-js: "npm:^1.2.0"
  checksum: 10/f076055678b8b2f440f2ad3a101f3762bdf8c0208ae96454f8cb689e57bf90d5cd6712e5cac8c5de5814d22213a8c75b96548173a2876cf384ca3bf2b734d74e
  languageName: node
  linkType: hard

"@vue/compiler-dom@npm:3.4.30":
  version: 3.4.30
  resolution: "@vue/compiler-dom@npm:3.4.30"
  dependencies:
    "@vue/compiler-core": "npm:3.4.30"
    "@vue/shared": "npm:3.4.30"
  checksum: 10/9f82a6e9c14879d96fe078631716c9fa81c900e5cfb60d71fcf78df90fa6512f967662f99ba78834e5695e8f0b91a5afb71d06a414e6b935d3dfa0d2d4ef7979
  languageName: node
  linkType: hard

"@vue/compiler-sfc@npm:3.4.30":
  version: 3.4.30
  resolution: "@vue/compiler-sfc@npm:3.4.30"
  dependencies:
    "@babel/parser": "npm:^7.24.7"
    "@vue/compiler-core": "npm:3.4.30"
    "@vue/compiler-dom": "npm:3.4.30"
    "@vue/compiler-ssr": "npm:3.4.30"
    "@vue/shared": "npm:3.4.30"
    estree-walker: "npm:^2.0.2"
    magic-string: "npm:^0.30.10"
    postcss: "npm:^8.4.38"
    source-map-js: "npm:^1.2.0"
  checksum: 10/34778dab0d532e6a9f1bff6a24d81aa6c528cf829dcee7b495d6277d1a953f6d135b94109656a3b92075ecfbb6fd351da09b665719691fd441df5085399d2f1e
  languageName: node
  linkType: hard

"@vue/compiler-ssr@npm:3.4.30":
  version: 3.4.30
  resolution: "@vue/compiler-ssr@npm:3.4.30"
  dependencies:
    "@vue/compiler-dom": "npm:3.4.30"
    "@vue/shared": "npm:3.4.30"
  checksum: 10/2fd1f05055a7cbaeb809878b66025c89c3e855d6254c0ad63ebbee2f28782026461759d97bc8be6aea54658415c21d43f32f9f05725c819453c1fd790ed8e330
  languageName: node
  linkType: hard

"@vue/devtools-api@npm:^6.5.0, @vue/devtools-api@npm:^6.5.1":
  version: 6.6.1
  resolution: "@vue/devtools-api@npm:6.6.1"
  checksum: 10/040f7307904e23fd02a3f65b024ac7fe71b9e1f5f66244a5ba30d9f3d1b58a79dd5a3b46e8ed4c6a51a153688a356f776bb3260f801df39a7a3cf972c9c79505
  languageName: node
  linkType: hard

"@vue/reactivity@npm:3.4.30":
  version: 3.4.30
  resolution: "@vue/reactivity@npm:3.4.30"
  dependencies:
    "@vue/shared": "npm:3.4.30"
  checksum: 10/2fc5c1fa03f8d43a4ba7c16155a57d3134a02a1691010bea333b39eed6cd3f27b9155c9aec4e2c32ab279cb2958dfef7d44f675b896e10618ec99e1062002cb7
  languageName: node
  linkType: hard

"@vue/runtime-core@npm:3.4.30":
  version: 3.4.30
  resolution: "@vue/runtime-core@npm:3.4.30"
  dependencies:
    "@vue/reactivity": "npm:3.4.30"
    "@vue/shared": "npm:3.4.30"
  checksum: 10/8edcff1d86602a51032975319ba48120442f08a56140424a320c6bff7b815dc160301f4653b3ce7f54bd2aa16e2babb53fe6a5ac0ba033d52c685c50fbfc65ff
  languageName: node
  linkType: hard

"@vue/runtime-dom@npm:3.4.30":
  version: 3.4.30
  resolution: "@vue/runtime-dom@npm:3.4.30"
  dependencies:
    "@vue/reactivity": "npm:3.4.30"
    "@vue/runtime-core": "npm:3.4.30"
    "@vue/shared": "npm:3.4.30"
    csstype: "npm:^3.1.3"
  checksum: 10/78f7fe0c4361396f4c125157ece4351d52fe749d8701b43056967e985814167a1cbd6298315452b24d08a5c52836d498c170e5bcda5462ecf3bf1b807533d064
  languageName: node
  linkType: hard

"@vue/server-renderer@npm:3.4.30":
  version: 3.4.30
  resolution: "@vue/server-renderer@npm:3.4.30"
  dependencies:
    "@vue/compiler-ssr": "npm:3.4.30"
    "@vue/shared": "npm:3.4.30"
  peerDependencies:
    vue: 3.4.30
  checksum: 10/12d0cb9b13fe6bda7989987ccd7e8064d15868e512f602a38934671a37460b53e7960f93813143571c2d6b02c4e82c07e710c063cfe36c6c98317c2cc5a7d5b0
  languageName: node
  linkType: hard

"@vue/shared@npm:3.4.30":
  version: 3.4.30
  resolution: "@vue/shared@npm:3.4.30"
  checksum: 10/82c55bd70b1b42c796606a998f9f96356c4eff0ced24f0bc64a8ed67e9cead3fda1ff543f429442b04868186da258c2e8cdbaed49d51a254ab99765b88d63947
  languageName: node
  linkType: hard

"@vueuse/core@npm:^10.11.0":
  version: 10.11.0
  resolution: "@vueuse/core@npm:10.11.0"
  dependencies:
    "@types/web-bluetooth": "npm:^0.0.20"
    "@vueuse/metadata": "npm:10.11.0"
    "@vueuse/shared": "npm:10.11.0"
    vue-demi: "npm:>=0.14.8"
  checksum: 10/6f2bcba82f3ce70d56174f341a621aa259ebf710b28fcf1b000a68a4a28c7c249aee9ffce58ef00659133b44f409616d500310b645271f58f10529c925556a69
  languageName: node
  linkType: hard

"@vueuse/metadata@npm:10.11.0":
  version: 10.11.0
  resolution: "@vueuse/metadata@npm:10.11.0"
  checksum: 10/52229c65facf4c83bd18d67c995ebeadd927d92902882d82e131242610bdad7422889e3001c8dc95d8c3a189c9c63dffa2b73f8d6a0c071405790e4fc2fc6233
  languageName: node
  linkType: hard

"@vueuse/shared@npm:10.11.0":
  version: 10.11.0
  resolution: "@vueuse/shared@npm:10.11.0"
  dependencies:
    vue-demi: "npm:>=0.14.8"
  checksum: 10/670d8b934ba6348de085a82aa3adf457421bd2d18a7db3db29d67aa74fd36ef4123847858b9340aeb843b8feece3ef9118c90d400780dda29ecc961c08706553
  languageName: node
  linkType: hard

"collabsoft@workspace:.":
  version: 0.0.0-use.local
  resolution: "collabsoft@workspace:."
  dependencies:
    "@gip-recia/tldraw-webcomponent": "npm:^3.6.0"
    "@gip-recia/wisemapping-webcomponent": "npm:^0.1.0"
    "@vueuse/core": "npm:^10.11.0"
    pinia: "npm:^2.1.7"
    vue: "npm:^3.4.30"
    vue-i18n: "npm:9.13.1"
    vue-router: "npm:^4.4.0"
    vuetify: "npm:^3.6.10"
  languageName: unknown
  linkType: soft

"csstype@npm:^3.1.3":
  version: 3.1.3
  resolution: "csstype@npm:3.1.3"
  checksum: 10/f593cce41ff5ade23f44e77521e3a1bcc2c64107041e1bf6c3c32adc5187d0d60983292fda326154d20b01079e24931aa5b08e4467cc488b60bb1e7f6d478ade
  languageName: node
  linkType: hard

"entities@npm:^4.5.0":
  version: 4.5.0
  resolution: "entities@npm:4.5.0"
  checksum: 10/ede2a35c9bce1aeccd055a1b445d41c75a14a2bb1cd22e242f20cf04d236cdcd7f9c859eb83f76885327bfae0c25bf03303665ee1ce3d47c5927b98b0e3e3d48
  languageName: node
  linkType: hard

"estree-walker@npm:^2.0.2":
  version: 2.0.2
  resolution: "estree-walker@npm:2.0.2"
  checksum: 10/b02109c5d46bc2ed47de4990eef770f7457b1159a229f0999a09224d2b85ffeed2d7679cffcff90aeb4448e94b0168feb5265b209cdec29aad50a3d6e93d21e2
  languageName: node
  linkType: hard

"magic-string@npm:^0.30.10":
  version: 0.30.10
  resolution: "magic-string@npm:0.30.10"
  dependencies:
    "@jridgewell/sourcemap-codec": "npm:^1.4.15"
  checksum: 10/9f8bf6363a14c98a9d9f32ef833b194702a5c98fb931b05ac511b76f0b06fd30ed92beda6ca3261d2d52d21e39e891ef1136fbd032023f6cbb02d0b7d5767201
  languageName: node
  linkType: hard

"nanoid@npm:^3.3.7":
  version: 3.3.7
  resolution: "nanoid@npm:3.3.7"
  bin:
    nanoid: bin/nanoid.cjs
  checksum: 10/ac1eb60f615b272bccb0e2b9cd933720dad30bf9708424f691b8113826bb91aca7e9d14ef5d9415a6ba15c266b37817256f58d8ce980c82b0ba3185352565679
  languageName: node
  linkType: hard

"picocolors@npm:^1.0.0":
  version: 1.0.0
  resolution: "picocolors@npm:1.0.0"
  checksum: 10/a2e8092dd86c8396bdba9f2b5481032848525b3dc295ce9b57896f931e63fc16f79805144321f72976383fc249584672a75cc18d6777c6b757603f372f745981
  languageName: node
  linkType: hard

"pinia@npm:^2.1.7":
  version: 2.1.7
  resolution: "pinia@npm:2.1.7"
  dependencies:
    "@vue/devtools-api": "npm:^6.5.0"
    vue-demi: "npm:>=0.14.5"
  peerDependencies:
    "@vue/composition-api": ^1.4.0
    typescript: ">=4.4.4"
    vue: ^2.6.14 || ^3.3.0
  peerDependenciesMeta:
    "@vue/composition-api":
      optional: true
    typescript:
      optional: true
  checksum: 10/e8426e01b127610c96069ae04a68a57569596611816f24d2baa50a03cb2bf773c5b794280063cce53501ad6ad75e419bfd9dc7b45c05014f78fb0b3421dbb7b0
  languageName: node
  linkType: hard

"postcss@npm:^8.4.38":
  version: 8.4.38
  resolution: "postcss@npm:8.4.38"
  dependencies:
    nanoid: "npm:^3.3.7"
    picocolors: "npm:^1.0.0"
    source-map-js: "npm:^1.2.0"
  checksum: 10/6e44a7ed835ffa9a2b096e8d3e5dfc6bcf331a25c48aeb862dd54e3aaecadf814fa22be224fd308f87d08adf2299164f88c5fd5ab1c4ef6cbd693ceb295377f4
  languageName: node
  linkType: hard

"source-map-js@npm:^1.0.2, source-map-js@npm:^1.2.0":
  version: 1.2.0
  resolution: "source-map-js@npm:1.2.0"
  checksum: 10/74f331cfd2d121c50790c8dd6d3c9de6be21926de80583b23b37029b0f37aefc3e019fa91f9a10a5e120c08135297e1ecf312d561459c45908cb1e0e365f49e5
  languageName: node
  linkType: hard

"to-fast-properties@npm:^2.0.0":
  version: 2.0.0
  resolution: "to-fast-properties@npm:2.0.0"
  checksum: 10/be2de62fe58ead94e3e592680052683b1ec986c72d589e7b21e5697f8744cdbf48c266fa72f6c15932894c10187b5f54573a3bcf7da0bfd964d5caf23d436168
  languageName: node
  linkType: hard

"vue-demi@npm:>=0.14.5, vue-demi@npm:>=0.14.8":
  version: 0.14.8
  resolution: "vue-demi@npm:0.14.8"
  peerDependencies:
    "@vue/composition-api": ^1.0.0-rc.1
    vue: ^3.0.0-0 || ^2.6.0
  peerDependenciesMeta:
    "@vue/composition-api":
      optional: true
  bin:
    vue-demi-fix: bin/vue-demi-fix.js
    vue-demi-switch: bin/vue-demi-switch.js
  checksum: 10/88af227aa3a83607584c4f614efee9ac2fb8ea124db85f2f88bab62382cdfbd6611d9d2489ca757d3518afc7df7ea69257bf182705d20e473404e64959e9f838
  languageName: node
  linkType: hard

"vue-i18n@npm:9.13.1":
  version: 9.13.1
  resolution: "vue-i18n@npm:9.13.1"
  dependencies:
    "@intlify/core-base": "npm:9.13.1"
    "@intlify/shared": "npm:9.13.1"
    "@vue/devtools-api": "npm:^6.5.0"
  peerDependencies:
    vue: ^3.0.0
  checksum: 10/e9bbcf5e0d2a646acf48af527ab5ca73cd2e0716177a80bedde762c9e0e056810afd0f46dde620a25de955148066774956408abe94deecc7a5ce6b47b8781e9d
  languageName: node
  linkType: hard

"vue-router@npm:^4.4.0":
  version: 4.4.0
  resolution: "vue-router@npm:4.4.0"
  dependencies:
    "@vue/devtools-api": "npm:^6.5.1"
  peerDependencies:
    vue: ^3.2.0
  checksum: 10/cf3f31b21c30c4b8550c661abccd51aee39feef6021421640a6cf84f19101188f4167911a908f7d58261bd45dc5dca4c265d916e462d924445248a8ae61656a0
  languageName: node
  linkType: hard

"vue@npm:^3.4.30":
  version: 3.4.30
  resolution: "vue@npm:3.4.30"
  dependencies:
    "@vue/compiler-dom": "npm:3.4.30"
    "@vue/compiler-sfc": "npm:3.4.30"
    "@vue/runtime-dom": "npm:3.4.30"
    "@vue/server-renderer": "npm:3.4.30"
    "@vue/shared": "npm:3.4.30"
  peerDependencies:
    typescript: "*"
  peerDependenciesMeta:
    typescript:
      optional: true
  checksum: 10/0f13535df27271324b13d2eeb1268009f761a76bfa7336bd97f558c492648c67046f75ac7f6fe518a2b57b86fe1a3ff76ee427b993331b8710faf7fc3b4990af
  languageName: node
  linkType: hard

"vuetify@npm:^3.6.10":
  version: 3.6.10
  resolution: "vuetify@npm:3.6.10"
  peerDependencies:
    typescript: ">=4.7"
    vite-plugin-vuetify: ">=1.0.0"
    vue: ^3.3.0
    vue-i18n: ^9.0.0
    webpack-plugin-vuetify: ">=2.0.0"
  peerDependenciesMeta:
    typescript:
      optional: true
    vite-plugin-vuetify:
      optional: true
    vue-i18n:
      optional: true
    webpack-plugin-vuetify:
      optional: true
  checksum: 10/f57aed02d81cd24d78020e20fe7882735830129577d3a22e93303170790f528449309369c7f7b4f1c28f7082d83667d199cbee47a4a0309d9c26c64085606871
  languageName: node
  linkType: hard
